Microsoft Visual Studio Solution File, Format Version 12.00
# Visual Studio Version 17
VisualStudioVersion = 17.13.35828.75
MinimumVisualStudioVersion = 10.0.40219.1
Project("{FAE04EC0-301F-11D3-BF4B-00C04F79EFBC}") = "ServerSentEvents.Abstractions", "ServerSentEvents.Abstractions\ServerSentEvents.Abstractions.csproj", "{58F07E3C-1706-48EA-8DE6-EFE2DD8F075C}"
EndProject
Project("{FAE04EC0-301F-11D3-BF4B-00C04F79EFBC}") = "ServerSentEvents.Consumer", "ServerSentEvents.Consumer\ServerSentEvents.Consumer.csproj", "{406B4466-A0D8-40A4-981E-994ECB61900B}"
EndProject
Project("{FAE04EC0-301F-11D3-BF4B-00C04F79EFBC}") = "ServerSentEvents.Processor", "ServerSentEvents.Processor\ServerSentEvents.Processor.csproj", "{67E7270A-B913-4EB7-A610-58334D4804A9}"
EndProject
Project("{FAE04EC0-301F-11D3-BF4B-00C04F79EFBC}") = "Blazor.Models", "Blazor.Models\Blazor.Models.csproj", "{187EE90E-2E28-4DD1-871F-A2852669378E}"
EndProject
Project("{FAE04EC0-301F-11D3-BF4B-00C04F79EFBC}") = "Blazor", "Blazor\Blazor.csproj", "{9D6F2367-CA0F-7288-F636-1EB2FF1E14E4}"
EndProject
Project("{FAE04EC0-301F-11D3-BF4B-00C04F79EFBC}") = "Blazor.Client", "Blazor.Client\Blazor.Client.csproj", "{831F8B25-C550-3FDB-BAE2-CF716AB9202B}"
EndProject
Global
	GlobalSection(SolutionConfigurationPlatforms) = preSolution
		Debug|Any CPU = Debug|Any CPU
		Release|Any CPU = Release|Any CPU
	EndGlobalSection
	GlobalSection(ProjectConfigurationPlatforms) = postSolution
		{58F07E3C-1706-48EA-8DE6-EFE2DD8F075C}.Debug|Any CPU.ActiveCfg = Debug|Any CPU
		{58F07E3C-1706-48EA-8DE6-EFE2DD8F075C}.Debug|Any CPU.Build.0 = Debug|Any CPU
		{58F07E3C-1706-48EA-8DE6-EFE2DD8F075C}.Release|Any CPU.ActiveCfg = Release|Any CPU
		{58F07E3C-1706-48EA-8DE6-EFE2DD8F075C}.Release|Any CPU.Build.0 = Release|Any CPU
		{406B4466-A0D8-40A4-981E-994ECB61900B}.Debug|Any CPU.ActiveCfg = Debug|Any CPU
		{406B4466-A0D8-40A4-981E-994ECB61900B}.Debug|Any CPU.Build.0 = Debug|Any CPU
		{406B4466-A0D8-40A4-981E-994ECB61900B}.Release|Any CPU.ActiveCfg = Release|Any CPU
		{406B4466-A0D8-40A4-981E-994ECB61900B}.Release|Any CPU.Build.0 = Release|Any CPU
		{67E7270A-B913-4EB7-A610-58334D4804A9}.Debug|Any CPU.ActiveCfg = Debug|Any CPU
		{67E7270A-B913-4EB7-A610-58334D4804A9}.Debug|Any CPU.Build.0 = Debug|Any CPU
		{67E7270A-B913-4EB7-A610-58334D4804A9}.Release|Any CPU.ActiveCfg = Release|Any CPU
		{67E7270A-B913-4EB7-A610-58334D4804A9}.Release|Any CPU.Build.0 = Release|Any CPU
		{187EE90E-2E28-4DD1-871F-A2852669378E}.Debug|Any CPU.ActiveCfg = Debug|Any CPU
		{187EE90E-2E28-4DD1-871F-A2852669378E}.Debug|Any CPU.Build.0 = Debug|Any CPU
		{187EE90E-2E28-4DD1-871F-A2852669378E}.Release|Any CPU.ActiveCfg = Release|Any CPU
		{187EE90E-2E28-4DD1-871F-A2852669378E}.Release|Any CPU.Build.0 = Release|Any CPU
		{9D6F2367-CA0F-7288-F636-1EB2FF1E14E4}.Debug|Any CPU.ActiveCfg = Debug|Any CPU
		{9D6F2367-CA0F-7288-F636-1EB2FF1E14E4}.Debug|Any CPU.Build.0 = Debug|Any CPU
		{9D6F2367-CA0F-7288-F636-1EB2FF1E14E4}.Release|Any CPU.ActiveCfg = Release|Any CPU
		{9D6F2367-CA0F-7288-F636-1EB2FF1E14E4}.Release|Any CPU.Build.0 = Release|Any CPU
		{831F8B25-C550-3FDB-BAE2-CF716AB9202B}.Debug|Any CPU.ActiveCfg = Debug|Any CPU
		{831F8B25-C550-3FDB-BAE2-CF716AB9202B}.Debug|Any CPU.Build.0 = Debug|Any CPU
		{831F8B25-C550-3FDB-BAE2-CF716AB9202B}.Release|Any CPU.ActiveCfg = Release|Any CPU
		{831F8B25-C550-3FDB-BAE2-CF716AB9202B}.Release|Any CPU.Build.0 = Release|Any CPU
	EndGlobalSection
	GlobalSection(SolutionProperties) = preSolution
		HideSolutionNode = FALSE
	EndGlobalSection
	GlobalSection(ExtensibilityGlobals) = postSolution
		SolutionGuid = {BD0549EC-4FEE-4B58-AA3A-78170EE91EF1}
	EndGlobalSection
EndGlobal
